
Microsoft Visual Studio Solution File, Format Version 12.00
Project("{FAE04EC0-301F-11D3-BF4B-00C04F79EFBC}") = "PasswordManager.Desktop", "PasswordManager.Desktop\PasswordManager.Desktop.csproj", "{B0E26ADB-590E-40A9-9A3C-F9D5AF612A6B}"
EndProject
Project("{FAE04EC0-301F-11D3-BF4B-00C04F79EFBC}") = "PasswordManager.Kernel", "PasswordManager.Kernel\PasswordManager.Kernel.csproj", "{E65C3311-653B-4E4B-A1C8-3FDE4FC19105}"
EndProject
Global
	GlobalSection(SolutionConfigurationPlatforms) = preSolution
		Debug|Any CPU = Debug|Any CPU
		Release|Any CPU = Release|Any CPU
	EndGlobalSection
	GlobalSection(ProjectConfigurationPlatforms) = postSolution
		{B0E26ADB-590E-40A9-9A3C-F9D5AF612A6B}.Debug|Any CPU.ActiveCfg = Debug|Any CPU
		{B0E26ADB-590E-40A9-9A3C-F9D5AF612A6B}.Debug|Any CPU.Build.0 = Debug|Any CPU
		{B0E26ADB-590E-40A9-9A3C-F9D5AF612A6B}.Release|Any CPU.ActiveCfg = Release|Any CPU
		{B0E26ADB-590E-40A9-9A3C-F9D5AF612A6B}.Release|Any CPU.Build.0 = Release|Any CPU
		{E65C3311-653B-4E4B-A1C8-3FDE4FC19105}.Debug|Any CPU.ActiveCfg = Debug|Any CPU
		{E65C3311-653B-4E4B-A1C8-3FDE4FC19105}.Debug|Any CPU.Build.0 = Debug|Any CPU
		{E65C3311-653B-4E4B-A1C8-3FDE4FC19105}.Release|Any CPU.ActiveCfg = Release|Any CPU
		{E65C3311-653B-4E4B-A1C8-3FDE4FC19105}.Release|Any CPU.Build.0 = Release|Any CPU
	EndGlobalSection
EndGlobal
